
Microsoft Visual Studio Solution File, Format Version 12.00
# Visual Studio Version 17
VisualStudioVersion = 17.3.32825.248
MinimumVisualStudioVersion = 10.0.40219.1
Project("{FAE04EC0-301F-11D3-BF4B-00C04F79EFBC}") = "LibraryManagementSystem-FinalWebProject", "LibraryManagementSystem-FinalWebProject\LibraryManagementSystem-FinalWebProject.csproj", "{B189F25A-8177-44B6-A68A-9E3C78A2C7EA}"
EndProject
Global
	GlobalSection(SolutionConfigurationPlatforms) = preSolution
		Debug|Any CPU = Debug|Any CPU
		Release|Any CPU = Release|Any CPU
	EndGlobalSection
	GlobalSection(ProjectConfigurationPlatforms) = postSolution
		{B189F25A-8177-44B6-A68A-9E3C78A2C7EA}.Debug|Any CPU.ActiveCfg = Debug|Any CPU
		{B189F25A-8177-44B6-A68A-9E3C78A2C7EA}.Debug|Any CPU.Build.0 = Debug|Any CPU
		{B189F25A-8177-44B6-A68A-9E3C78A2C7EA}.Release|Any CPU.ActiveCfg = Release|Any CPU
		{B189F25A-8177-44B6-A68A-9E3C78A2C7EA}.Release|Any CPU.Build.0 = Release|Any CPU
	EndGlobalSection
	GlobalSection(SolutionProperties) = preSolution
		HideSolutionNode = FALSE
	EndGlobalSection
	GlobalSection(ExtensibilityGlobals) = postSolution
		SolutionGuid = {BDD01328-65CE-4627-A536-8117DA528108}
	EndGlobalSection
EndGlobal
