
Microsoft Visual Studio Solution File, Format Version 12.00
# Visual Studio Version 17
VisualStudioVersion = 17.2.32616.157
MinimumVisualStudioVersion = 10.0.40219.1
Project("{FAE04EC0-301F-11D3-BF4B-00C04F79EFBC}") = "SoftUni", "SoftUni\SoftUni.csproj", "{53EB64B3-A2F6-4BF1-BA5F-57F1C1F5086E}"
EndProject
Global
	GlobalSection(SolutionConfigurationPlatforms) = preSolution
		Debug|Any CPU = Debug|Any CPU
		Release|Any CPU = Release|Any CPU
	EndGlobalSection
	GlobalSection(ProjectConfigurationPlatforms) = postSolution
		{53EB64B3-A2F6-4BF1-BA5F-57F1C1F5086E}.Debug|Any CPU.ActiveCfg = Debug|Any CPU
		{53EB64B3-A2F6-4BF1-BA5F-57F1C1F5086E}.Debug|Any CPU.Build.0 = Debug|Any CPU
		{53EB64B3-A2F6-4BF1-BA5F-57F1C1F5086E}.Release|Any CPU.ActiveCfg = Release|Any CPU
		{53EB64B3-A2F6-4BF1-BA5F-57F1C1F5086E}.Release|Any CPU.Build.0 = Release|Any CPU
	EndGlobalSection
	GlobalSection(SolutionProperties) = preSolution
		HideSolutionNode = FALSE
	EndGlobalSection
	GlobalSection(ExtensibilityGlobals) = postSolution
		SolutionGuid = {32AAF655-ACF7-4F5D-BB28-917663BE0484}
	EndGlobalSection
EndGlobal
